
Microsoft Visual Studio Solution File, Format Version 12.00
# Visual Studio Version 16
VisualStudioVersion = 16.0.29215.179
MinimumVisualStudioVersion = 10.0.40219.1
Project("{9A19103F-16F7-4668-BE54-9A1E7A4F7556}") = "directory", "directory.csproj", "{1A8D2E28-1A14-46B4-B613-747A44883674}"
EndProject
Project("{FAE04EC0-301F-11D3-BF4B-00C04F79EFBC}") = "Store.Model", "..\Store.Model\Store.Model.csproj", "{3238BDD8-CA08-4567-91C2-1F65479FC3A6}"
EndProject
Global
	GlobalSection(SolutionConfigurationPlatforms) = preSolution
		Debug|Any CPU = Debug|Any CPU
		Release|Any CPU = Release|Any CPU
	EndGlobalSection
	GlobalSection(ProjectConfigurationPlatforms) = postSolution
		{1A8D2E28-1A14-46B4-B613-747A44883674}.Debug|Any CPU.ActiveCfg = Debug|Any CPU
		{1A8D2E28-1A14-46B4-B613-747A44883674}.Debug|Any CPU.Build.0 = Debug|Any CPU
		{1A8D2E28-1A14-46B4-B613-747A44883674}.Release|Any CPU.ActiveCfg = Release|Any CPU
		{1A8D2E28-1A14-46B4-B613-747A44883674}.Release|Any CPU.Build.0 = Release|Any CPU
		{3238BDD8-CA08-4567-91C2-1F65479FC3A6}.Debug|Any CPU.ActiveCfg = Debug|Any CPU
		{3238BDD8-CA08-4567-91C2-1F65479FC3A6}.Debug|Any CPU.Build.0 = Debug|Any CPU
		{3238BDD8-CA08-4567-91C2-1F65479FC3A6}.Release|Any CPU.ActiveCfg = Release|Any CPU
		{3238BDD8-CA08-4567-91C2-1F65479FC3A6}.Release|Any CPU.Build.0 = Release|Any CPU
	EndGlobalSection
	GlobalSection(SolutionProperties) = preSolution
		HideSolutionNode = FALSE
	EndGlobalSection
	GlobalSection(ExtensibilityGlobals) = postSolution
		SolutionGuid = {E60C73B7-7AFC-4423-BC32-E0D4499F9AEB}
	EndGlobalSection
EndGlobal
